{
  "name": "oodles",
  "version": "0.0.1",
  "dependencies": {
    "accept": {
      "version": "2.1.2"
    },
    "acorn": {
      "version": "3.3.0"
    },
    "agent-base": {
      "version": "2.0.1",
      "dependencies": {
        "semver": {
          "version": "5.0.3"
        }
      }
    },
    "ajv": {
      "version": "4.11.5"
    },
    "align-text": {
      "version": "0.1.4"
    },
    "alter": {
      "version": "0.2.0"
    },
    "amdefine": {
      "version": "1.0.1"
    },
    "ammo": {
      "version": "2.0.2"
    },
    "ansi-regex": {
      "version": "2.0.0"
    },
    "anymatch": {
      "version": "1.3.0"
    },
    "arr-diff": {
      "version": "2.0.0"
    },
    "arr-flatten": {
      "version": "1.0.1"
    },
    "array-unique": {
      "version": "0.2.1"
    },
    "arrify": {
      "version": "1.0.1"
    },
    "asn1.js": {
      "version": "4.9.0"
    },
    "assert": {
      "version": "1.4.1"
    },
    "ast-traverse": {
      "version": "0.1.1"
    },
    "ast-types": {
      "version": "0.9.2"
    },
    "async": {
      "version": "2.1.2",
      "dependencies": {
        "lodash": {
          "version": "4.17.4"
        }
      }
    },
    "async-each": {
      "version": "1.0.1"
    },
    "asynckit": {
      "version": "0.4.0"
    },
    "b64": {
      "version": "3.0.2"
    },
    "balanced-match": {
      "version": "0.4.2"
    },
    "Base64": {
      "version": "0.2.1"
    },
    "base64-js": {
      "version": "1.2.0"
    },
    "bcrypt": {
      "version": "0.8.7"
    },
    "big.js": {
      "version": "3.1.3"
    },
    "binary-extensions": {
      "version": "1.7.0"
    },
    "bindings": {
      "version": "1.2.1"
    },
    "bluebird": {
      "version": "3.5.0"
    },
    "bn.js": {
      "version": "4.11.6"
    },
    "boom": {
      "version": "3.2.2"
    },
    "brace-expansion": {
      "version": "1.1.6"
    },
    "braces": {
      "version": "1.8.5"
    },
    "breakable": {
      "version": "1.0.0"
    },
    "brorand": {
      "version": "1.0.6"
    },
    "browserify-aes": {
      "version": "1.0.6"
    },
    "browserify-cipher": {
      "version": "1.0.0"
    },
    "browserify-des": {
      "version": "1.0.0"
    },
    "browserify-rsa": {
      "version": "4.0.1"
    },
    "browserify-sign": {
      "version": "4.0.0"
    },
    "browserify-zlib": {
      "version": "0.1.4"
    },
    "buffer": {
      "version": "4.9.1",
      "dependencies": {
        "isarray": {
          "version": "1.0.0"
        }
      }
    },
    "buffer-shims": {
      "version": "1.0.0"
    },
    "buffer-xor": {
      "version": "1.0.3"
    },
    "builtin-modules": {
      "version": "1.1.1"
    },
    "call": {
      "version": "3.0.3"
    },
    "camelcase": {
      "version": "1.2.1"
    },
    "cartesian-product": {
      "version": "2.1.2"
    },
    "catbox": {
      "version": "7.1.2"
    },
    "catbox-memory": {
      "version": "2.0.3"
    },
    "center-align": {
      "version": "0.1.3"
    },
    "chokidar": {
      "version": "1.6.0"
    },
    "cipher-base": {
      "version": "1.0.3"
    },
    "cliui": {
      "version": "3.2.0"
    },
    "clone": {
      "version": "1.0.2"
    },
    "co": {
      "version": "4.6.0"
    },
    "code-point-at": {
      "version": "1.1.0"
    },
    "combined-stream": {
      "version": "1.0.5"
    },
    "commander": {
      "version": "2.9.0"
    },
    "commoner": {
      "version": "0.10.8",
      "dependencies": {
        "esprima": {
          "version": "3.1.1"
        },
        "glob": {
          "version": "5.0.15"
        },
        "recast": {
          "version": "0.11.17"
        }
      }
    },
    "concat-map": {
      "version": "0.0.1"
    },
    "console-browserify": {
      "version": "1.1.0"
    },
    "constants-browserify": {
      "version": "1.0.0"
    },
    "content": {
      "version": "3.0.2"
    },
    "core-util-is": {
      "version": "1.0.2"
    },
    "create-ecdh": {
      "version": "4.0.0"
    },
    "create-hash": {
      "version": "1.1.2"
    },
    "create-hmac": {
      "version": "1.1.4"
    },
    "cryptiles": {
      "version": "3.0.2"
    },
    "crypto-browserify": {
      "version": "3.11.0"
    },
    "data-uri-to-buffer": {
      "version": "0.0.4"
    },
    "date-now": {
      "version": "0.1.4"
    },
    "debug": {
      "version": "2.2.0"
    },
    "decamelize": {
      "version": "1.2.0"
    },
    "deep-is": {
      "version": "0.1.3"
    },
    "defined": {
      "version": "1.0.0"
    },
    "defs": {
      "version": "1.1.1",
      "dependencies": {
        "cliui": {
          "version": "2.1.0"
        },
        "yargs": {
          "version": "3.27.0"
        }
      }
    },
    "degenerator": {
      "version": "1.0.4",
      "dependencies": {
        "esprima": {
          "version": "3.1.1"
        }
      }
    },
    "delayed-stream": {
      "version": "1.0.0"
    },
    "des.js": {
      "version": "1.0.0"
    },
    "detective": {
      "version": "4.3.2"
    },
    "diffie-hellman": {
      "version": "5.0.2"
    },
    "domain-browser": {
      "version": "1.1.7"
    },
    "duplexify": {
      "version": "3.5.0",
      "dependencies": {
        "end-of-stream": {
          "version": "1.0.0"
        },
        "once": {
          "version": "1.3.3"
        }
      }
    },
    "elliptic": {
      "version": "6.3.2"
    },
    "emojis-list": {
      "version": "2.1.0"
    },
    "errno": {
      "version": "0.1.4"
    },
    "error-ex": {
      "version": "1.3.0"
    },
    "escodegen": {
      "version": "1.8.1",
      "dependencies": {
        "source-map": {
          "version": "0.2.0",
          "optional": true
        }
      }
    },
    "esprima": {
      "version": "2.7.3"
    },
    "esprima-fb": {
      "version": "15001.1001.0-dev-harmony-fb"
    },
    "estraverse": {
      "version": "1.9.3"
    },
    "esutils": {
      "version": "2.0.2"
    },
    "events": {
      "version": "1.1.1"
    },
    "evp_bytestokey": {
      "version": "1.0.0"
    },
    "expand-brackets": {
      "version": "0.1.5"
    },
    "expand-range": {
      "version": "1.8.2"
    },
    "extend": {
      "version": "3.0.0"
    },
    "extglob": {
      "version": "0.3.2"
    },
    "faker": {
      "version": "3.1.0"
    },
    "fast-levenshtein": {
      "version": "2.0.5"
    },
    "fast-safe-stringify": {
      "version": "1.1.0"
    },
    "file-uri-to-path": {
      "version": "0.0.2"
    },
    "filename-regex": {
      "version": "2.0.0"
    },
    "fill-range": {
      "version": "2.2.3"
    },
    "find-up": {
      "version": "1.1.2"
    },
    "for-in": {
      "version": "0.1.6"
    },
    "for-own": {
      "version": "0.1.4"
    },
    "form-data": {
      "version": "2.1.2"
    },
    "fs.realpath": {
      "version": "1.0.0"
    },
    "ftp": {
      "version": "0.3.10",
      "dependencies": {
        "readable-stream": {
          "version": "1.1.14"
        }
      }
    },
    "get-caller-file": {
      "version": "1.0.2"
    },
    "get-uri": {
      "version": "1.1.0"
    },
    "glob": {
      "version": "7.1.1"
    },
    "glob-base": {
      "version": "0.3.0"
    },
    "glob-parent": {
      "version": "2.0.0"
    },
    "good": {
      "version": "7.0.2",
      "dependencies": {
        "hoek": {
          "version": "3.0.4"
        },
        "joi": {
          "version": "7.3.0"
        }
      }
    },
    "good-console": {
      "version": "6.3.1",
      "dependencies": {
        "joi": {
          "version": "8.1.1",
          "dependencies": {
            "moment": {
              "version": "2.16.0"
            }
          }
        },
        "moment": {
          "version": "2.15.2"
        }
      }
    },
    "good-squeeze": {
      "version": "5.0.1"
    },
    "good-squeeze-pretty": {
      "version": "1.0.4",
      "from": "good-squeeze-pretty@latest",
      "resolved": "https://registry.npmjs.org/good-squeeze-pretty/-/good-squeeze-pretty-1.0.0.tgz"
    },
    "graceful-fs": {
      "version": "4.1.10"
    },
    "graceful-readlink": {
      "version": "1.0.1"
    },
    "hapi": {
      "version": "15.2.0",
      "dependencies": {
        "boom": {
          "version": "4.0.0"
        }
      }
    },
    "hapi-auth-cookie": {
      "version": "6.1.1",
      "dependencies": {
        "hoek": {
          "version": "3.0.4"
        },
        "joi": {
          "version": "7.3.0"
        }
      }
    },
    "has-flag": {
      "version": "1.0.0"
    },
    "hash.js": {
      "version": "1.0.3"
    },
    "heavy": {
      "version": "4.0.2"
    },
    "hoek": {
      "version": "4.1.0"
    },
    "hosted-git-info": {
      "version": "2.1.5"
    },
    "http-browserify": {
      "version": "1.7.0"
    },
    "http-proxy-agent": {
      "version": "1.0.0"
    },
    "https-browserify": {
      "version": "0.0.1"
    },
    "https-proxy-agent": {
      "version": "1.0.0"
    },
    "iconv-lite": {
      "version": "0.4.15"
    },
    "ieee754": {
      "version": "1.1.8"
    },
    "indexof": {
      "version": "0.0.1"
    },
    "inert": {
      "version": "4.0.2"
    },
    "inflection": {
      "version": "1.10.0"
    },
    "inflight": {
      "version": "1.0.6"
    },
    "inherits": {
      "version": "2.0.3"
    },
    "interpret": {
      "version": "1.0.1"
    },
    "invariant": {
      "version": "2.2.2"
    },
    "invert-kv": {
      "version": "1.0.0"
    },
    "ip": {
      "version": "1.1.4"
    },
    "iron": {
      "version": "4.0.3"
    },
    "is-arrayish": {
      "version": "0.2.1"
    },
    "is-binary-path": {
      "version": "1.0.1"
    },
    "is-buffer": {
      "version": "1.1.4"
    },
    "is-builtin-module": {
      "version": "1.0.0"
    },
    "is-dotfile": {
      "version": "1.0.2"
    },
    "is-equal-shallow": {
      "version": "0.1.3"
    },
    "is-extendable": {
      "version": "0.1.1"
    },
    "is-extglob": {
      "version": "1.0.0"
    },
    "is-fullwidth-code-point": {
      "version": "1.0.0"
    },
    "is-glob": {
      "version": "2.0.1"
    },
    "is-number": {
      "version": "2.1.0"
    },
    "is-posix-bracket": {
      "version": "0.1.1"
    },
    "is-primitive": {
      "version": "2.0.0"
    },
    "is-utf8": {
      "version": "0.2.1"
    },
    "isarray": {
      "version": "0.0.1"
    },
    "isemail": {
      "version": "2.2.1"
    },
    "isobject": {
      "version": "2.1.0",
      "dependencies": {
        "isarray": {
          "version": "1.0.0"
        }
      }
    },
    "items": {
      "version": "2.1.1"
    },
    "jju": {
      "version": "1.3.0"
    },
    "joi": {
      "version": "9.2.0"
    },
    "jquery": {
      "version": "3.1.1"
    },
    "js-tokens": {
      "version": "2.0.0"
    },
    "json-stable-stringify": {
      "version": "1.0.1"
    },
    "json-stringify-safe": {
      "version": "5.0.1"
    },
    "json5": {
      "version": "0.5.0"
    },
    "jsonify": {
      "version": "0.0.0"
    },
    "kind-of": {
      "version": "3.0.4"
    },
    "lazy-cache": {
      "version": "1.0.4"
    },
    "lcid": {
      "version": "1.0.0"
    },
    "levn": {
      "version": "0.3.0"
    },
    "load-json-file": {
      "version": "1.1.0",
      "dependencies": {
        "strip-bom": {
          "version": "2.0.0"
        }
      }
    },
    "loader-runner": {
      "version": "2.3.0"
    },
    "loader-utils": {
      "version": "0.2.16"
    },
    "lodash": {
      "version": "4.17.2"
    },
    "lodash.assign": {
      "version": "4.2.0"
    },
    "longest": {
      "version": "1.0.1"
    },
    "loose-envify": {
      "version": "1.3.0"
    },
    "lru-cache": {
      "version": "4.0.1"
    },
    "mailgun-js": {
      "version": "0.7.13"
    },
    "memory-fs": {
      "version": "0.3.0"
    },
    "micromatch": {
      "version": "2.3.11"
    },
    "miller-rabin": {
      "version": "4.0.0"
    },
    "mime-db": {
      "version": "1.25.0"
    },
    "mime-types": {
      "version": "2.1.13"
    },
    "mimos": {
      "version": "3.0.3",
      "dependencies": {
        "mime-db": {
          "version": "1.23.0"
        }
      }
    },
    "minimalistic-assert": {
      "version": "1.0.0"
    },
    "minimatch": {
      "version": "3.0.3"
    },
    "mkdirp": {
      "version": "0.5.1",
      "dependencies": {
        "minimist": {
          "version": "0.0.8"
        }
      }
    },
    "moment": {
      "version": "2.16.0"
    },
    "ms": {
      "version": "0.7.1"
    },
    "nan": {
      "version": "2.3.5"
    },
    "netmask": {
      "version": "1.0.6"
    },
    "nigel": {
      "version": "2.0.2"
    },
    "normalize-package-data": {
      "version": "2.3.5"
    },
    "normalize-path": {
      "version": "2.0.1"
    },
    "number-is-nan": {
      "version": "1.0.1"
    },
    "object-assign": {
      "version": "4.1.0"
    },
    "object.omit": {
      "version": "2.0.1"
    },
    "once": {
      "version": "1.4.0"
    },
    "oppsy": {
      "version": "1.0.2"
    },
    "optionator": {
      "version": "0.8.2",
      "dependencies": {
        "wordwrap": {
          "version": "1.0.0"
        }
      }
    },
    "os-browserify": {
      "version": "0.2.1"
    },
    "os-locale": {
      "version": "1.4.0"
    },
    "pac-proxy-agent": {
      "version": "1.0.0"
    },
    "pac-resolver": {
      "version": "1.2.6",
      "dependencies": {
        "co": {
          "version": "3.0.6"
        }
      }
    },
    "package-merge": {
      "version": "0.1.2",
      "dependencies": {
        "semver": {
          "version": "4.3.6"
        }
      }
    },
    "pako": {
      "version": "0.2.9"
    },
    "parse-asn1": {
      "version": "5.0.0"
    },
    "parse-glob": {
      "version": "3.0.4"
    },
    "parse-json": {
      "version": "2.2.0"
    },
    "path-browserify": {
      "version": "0.0.0"
    },
    "path-exists": {
      "version": "2.1.0"
    },
    "path-is-absolute": {
      "version": "1.0.1"
    },
    "path-proxy": {
      "version": "1.0.0",
      "dependencies": {
        "inflection": {
          "version": "1.3.8"
        }
      }
    },
    "path-type": {
      "version": "1.1.0"
    },
    "pbkdf2": {
      "version": "3.0.9"
    },
    "pez": {
      "version": "2.1.2"
    },
    "pify": {
      "version": "2.3.0"
    },
    "pinkie": {
      "version": "2.0.4"
    },
    "pinkie-promise": {
      "version": "2.0.1"
    },
    "podium": {
      "version": "1.2.3"
    },
    "prelude-ls": {
      "version": "1.1.2"
    },
    "preserve": {
      "version": "0.2.0"
    },
    "private": {
      "version": "0.1.6"
    },
    "process": {
      "version": "0.11.9"
    },
    "process-nextick-args": {
      "version": "1.0.7"
    },
    "proxy-agent": {
      "version": "2.0.0",
      "dependencies": {
        "lru-cache": {
          "version": "2.6.5"
        }
      }
    },
    "prr": {
      "version": "0.0.0"
    },
    "pseudomap": {
      "version": "1.0.2"
    },
    "public-encrypt": {
      "version": "4.0.0"
    },
    "pump": {
      "version": "1.0.1",
      "dependencies": {
        "end-of-stream": {
          "version": "1.1.0",
          "dependencies": {
            "once": {
              "version": "1.3.3"
            }
          }
        }
      }
    },
    "pumpify": {
      "version": "1.3.5"
    },
    "punycode": {
      "version": "1.4.1"
    },
    "q": {
      "version": "1.4.1"
    },
    "querystring": {
      "version": "0.2.0"
    },
    "querystring-es3": {
      "version": "0.2.1"
    },
    "randomatic": {
      "version": "1.1.5"
    },
    "randombytes": {
      "version": "2.0.3"
    },
    "reach": {
      "version": "1.0.0"
    },
    "read-pkg": {
      "version": "1.1.0"
    },
    "read-pkg-up": {
      "version": "1.0.1"
    },
    "readable-stream": {
      "version": "2.2.2",
      "dependencies": {
        "isarray": {
          "version": "1.0.0"
        }
      }
    },
    "readdirp": {
      "version": "2.1.0"
    },
    "recast": {
      "version": "0.10.33",
      "dependencies": {
        "ast-types": {
          "version": "0.8.12"
        }
      }
    },
    "regenerator": {
      "version": "0.8.46"
    },
    "regenerator-runtime": {
      "version": "0.9.6"
    },
    "regex-cache": {
      "version": "0.4.3"
    },
    "repeat-element": {
      "version": "1.1.2"
    },
    "repeat-string": {
      "version": "1.6.1"
    },
    "require-directory": {
      "version": "2.1.1"
    },
    "require-main-filename": {
      "version": "1.0.1"
    },
    "rethinkdb": {
      "version": "2.3.3",
      "dependencies": {
        "bluebird": {
          "version": "2.10.2"
        }
      }
    },
    "rethinkdbdash": {
      "version": "2.3.27"
    },
    "right-align": {
      "version": "0.1.3"
    },
    "ripemd160": {
      "version": "1.0.1"
    },
    "semver": {
      "version": "5.3.0"
    },
    "semver-set": {
      "version": "0.1.1",
      "dependencies": {
        "lodash": {
          "version": "3.10.1"
        },
        "semver": {
          "version": "4.3.6"
        }
      }
    },
    "set-blocking": {
      "version": "2.0.0"
    },
    "set-immediate-shim": {
      "version": "1.0.1"
    },
    "sha.js": {
      "version": "2.4.8"
    },
    "shot": {
      "version": "3.3.2"
    },
    "simple-fmt": {
      "version": "0.1.0"
    },
    "simple-is": {
      "version": "0.2.0"
    },
    "smart-buffer": {
      "version": "1.0.11"
    },
    "socks": {
      "version": "1.1.9"
    },
    "socks-proxy-agent": {
      "version": "2.0.0"
    },
    "source-list-map": {
      "version": "0.1.6"
    },
    "source-map": {
      "version": "0.5.6"
    },
    "spdx-correct": {
      "version": "1.0.2"
    },
    "spdx-expression-parse": {
      "version": "1.0.4"
    },
    "spdx-license-ids": {
      "version": "1.2.2"
    },
    "stable": {
      "version": "0.1.5"
    },
    "statehood": {
      "version": "5.0.0"
    },
    "stream-browserify": {
      "version": "2.0.1"
    },
    "stream-shift": {
      "version": "1.0.0"
    },
    "stream-to": {
      "version": "0.2.2"
    },
    "stream-to-buffer": {
      "version": "0.1.0"
    },
    "string_decoder": {
      "version": "0.10.31"
    },
    "string-width": {
      "version": "1.0.2"
    },
    "stringmap": {
      "version": "0.2.2"
    },
    "stringset": {
      "version": "0.2.1"
    },
    "strip-ansi": {
      "version": "3.0.1"
    },
    "subtext": {
      "version": "4.3.0",
      "dependencies": {
        "boom": {
          "version": "4.0.0"
        }
      }
    },
    "supports-color": {
      "version": "3.1.2"
    },
    "tapable": {
      "version": "0.2.6"
    },
    "thinky": {
      "version": "2.3.8",
      "dependencies": {
        "bluebird": {
          "version": "2.10.2"
        }
      }
    },
    "through": {
      "version": "2.3.8"
    },
    "thunkify": {
      "version": "2.1.2"
    },
    "topo": {
      "version": "2.0.2"
    },
    "traverse": {
      "version": "0.6.6"
    },
    "tryor": {
      "version": "0.1.2"
    },
    "tsscmp": {
      "version": "1.0.5"
    },
    "tty-browserify": {
      "version": "0.0.0"
    },
    "type-check": {
      "version": "0.3.2"
    },
    "uglify-to-browserify": {
      "version": "1.0.2"
    },
    "url": {
      "version": "0.11.0",
      "dependencies": {
        "punycode": {
          "version": "1.3.2"
        }
      }
    },
    "util": {
      "version": "0.10.3",
      "dependencies": {
        "inherits": {
          "version": "2.0.1"
        }
      }
    },
    "util-deprecate": {
      "version": "1.0.2"
    },
    "validate-npm-package-license": {
      "version": "3.0.1"
    },
    "validator": {
      "version": "3.22.2"
    },
    "vise": {
      "version": "2.0.2"
    },
    "vm-browserify": {
      "version": "0.0.4"
    },
    "vue": {
      "version": "2.0.8"
    },
    "vue-flatpickr": {
      "version": "2.0.3"
    },
    "vue-resource": {
      "version": "1.0.3"
    },
    "vue-router": {
      "version": "2.0.3"
    },
    "vuex": {
      "version": "2.0.0"
    },
    "watchpack": {
      "version": "1.3.1"
    },
    "webpack-sources": {
      "version": "0.1.3"
    },
    "which-module": {
      "version": "1.0.0"
    },
    "white-out": {
      "version": "2.0.0"
    },
    "window-size": {
      "version": "0.1.4"
    },
    "wordwrap": {
      "version": "0.0.2"
    },
    "wrap-ansi": {
      "version": "2.0.0"
    },
    "wrappy": {
      "version": "1.0.2"
    },
    "wreck": {
      "version": "10.0.0",
      "dependencies": {
        "boom": {
          "version": "4.0.0"
        }
      }
    },
    "xregexp": {
      "version": "2.0.0"
    },
    "y18n": {
      "version": "3.2.1"
    },
    "yallist": {
      "version": "2.0.0"
    },
    "yargs": {
      "version": "4.8.1",
      "dependencies": {
        "window-size": {
          "version": "0.2.0"
        }
      }
    },
    "yargs-parser": {
      "version": "2.4.1",
      "dependencies": {
        "camelcase": {
          "version": "3.0.0"
        }
      }
    }
  }
}
